
Microsoft Visual Studio Solution File, Format Version 12.00
# Visual Studio 15
VisualStudioVersion = 15.0.28307.136
MinimumVisualStudioVersion = 10.0.40219.1
Project("{FAE04EC0-301F-11D3-BF4B-00C04F79EFBC}") = "SP 500", "SP 500\SP 500.csproj", "{8371BDC4-CAAC-4E1E-9FB7-1E0D42DBD384}"
EndProject
Global
	GlobalSection(SolutionConfigurationPlatforms) = preSolution
		Debug|Any CPU = Debug|Any CPU
		Release|Any CPU = Release|Any CPU
	EndGlobalSection
	GlobalSection(ProjectConfigurationPlatforms) = postSolution
		{8371BDC4-CAAC-4E1E-9FB7-1E0D42DBD384}.Debug|Any CPU.ActiveCfg = Debug|Any CPU
		{8371BDC4-CAAC-4E1E-9FB7-1E0D42DBD384}.Debug|Any CPU.Build.0 = Debug|Any CPU
		{8371BDC4-CAAC-4E1E-9FB7-1E0D42DBD384}.Release|Any CPU.ActiveCfg = Release|Any CPU
		{8371BDC4-CAAC-4E1E-9FB7-1E0D42DBD384}.Release|Any CPU.Build.0 = Release|Any CPU
	EndGlobalSection
	GlobalSection(SolutionProperties) = preSolution
		HideSolutionNode = FALSE
	EndGlobalSection
	GlobalSection(ExtensibilityGlobals) = postSolution
		SolutionGuid = {7E0A2A3A-9FA2-4A1E-9148-EA2D51364E73}
	EndGlobalSection
EndGlobal
